<?xml version="1.0" encoding="utf-8"?>
<Project ToolsVersion="4.0" xmlns="http://schemas.microsoft.com/developer/msbuild/2003">
  <ItemGroup>
    <Filter Include="Source Files">
      <UniqueIdentifier>{4FC737F1-C7A5-4376-A066-2A32D752A2FF}</UniqueIdentifier>
      <Extensions>cpp;c;cc;cxx;c++;cppm;ixx;def;odl;idl;hpj;bat;asm;asmx</Extensions>
    </Filter>
    <Filter Include="Header Files">
      <UniqueIdentifier>{93995380-89BD-4b04-88EB-625FBE52EBFB}</UniqueIdentifier>
      <Extensions>h;hh;hpp;hxx;h++;hm;inl;inc;ipp;xsd</Extensions>
    </Filter>
    <Filter Include="Resource Files">
      <UniqueIdentifier>{67DA6AB6-F800-4c08-8B7A-83BB121AAD01}</UniqueIdentifier>
      <Extensions>rc;ico;cur;bmp;dlg;rc2;rct;bin;rgs;gif;jpg;jpeg;jpe;resx;tiff;tif;png;wav;mfcribbon-ms</Extensions>
    </Filter>
  </ItemGroup>
  <ItemGroup>
    <None Include="packages.config" />
  </ItemGroup>
  <ItemGroup>
    <Natvis Include="Rpg.natvis" />
  </ItemGroup>
  <ItemGroup>
    <ClCompile Include="source\runtime\RpgMain.cpp">
      <Filter>Source Files</Filter>
    </ClCompile>
    <ClCompile Include="source\runtime\core\RpgCommandLine.cpp">
      <Filter>Source Files</Filter>
    </ClCompile>
    <ClCompile Include="source\runtime\core\RpgConsoleSystem.cpp">
      <Filter>Source Files</Filter>
    </ClCompile>
    <ClCompile Include="source\runtime\core\RpgFilePath.cpp">
      <Filter>Source Files</Filter>
    </ClCompile>
    <ClCompile Include="source\runtime\core\RpgMath.cpp">
      <Filter>Source Files</Filter>
    </ClCompile>
    <ClCompile Include="source\runtime\core\RpgPlatform.cpp">
      <Filter>Source Files</Filter>
    </ClCompile>
    <ClCompile Include="source\runtime\core\RpgThreadPool.cpp">
      <Filter>Source Files</Filter>
    </ClCompile>
    <ClCompile Include="source\runtime\core\world\RpgWorld.cpp">
      <Filter>Source Files</Filter>
    </ClCompile>
    <ClCompile Include="source\runtime\core\RpgVertex.cpp">
      <Filter>Source Files</Filter>
    </ClCompile>
    <ClCompile Include="source\runtime\render\RpgTexture.cpp">
      <Filter>Source Files</Filter>
    </ClCompile>
    <ClCompile Include="source\runtime\render\RpgModel.cpp">
      <Filter>Source Files</Filter>
    </ClCompile>
    <ClCompile Include="source\runtime\render\RpgMaterial.cpp">
      <Filter>Source Files</Filter>
    </ClCompile>
    <ClCompile Include="source\runtime\render\RpgRenderPipeline.cpp">
      <Filter>Source Files</Filter>
    </ClCompile>
    <ClCompile Include="source\runtime\core\RpgD3D12.cpp">
      <Filter>Source Files</Filter>
    </ClCompile>
    <ClCompile Include="source\runtime\thirdparty\libccd\__libccd__build.cpp">
      <Filter>Source Files</Filter>
    </ClCompile>
    <ClCompile Include="source\runtime\thirdparty\stb\__stb__build.cpp">
      <Filter>Source Files</Filter>
    </ClCompile>
    <ClCompile Include="source\runtime\render\task\RpgRenderTask_CompilePSO.cpp">
      <Filter>Source Files</Filter>
    </ClCompile>
    <ClCompile Include="source\runtime\shader\RpgShaderManager.cpp">
      <Filter>Source Files</Filter>
    </ClCompile>
    <ClCompile Include="source\runtime\engine\RpgEngine.cpp">
      <Filter>Source Files</Filter>
    </ClCompile>
    <ClCompile Include="source\runtime\render\RpgRenderer.cpp">
      <Filter>Source Files</Filter>
    </ClCompile>
    <ClCompile Include="source\runtime\render\RpgSceneViewport.cpp">
      <Filter>Source Files</Filter>
    </ClCompile>
    <ClCompile Include="source\runtime\render\RpgShadowViewport_PointLight.cpp">
      <Filter>Source Files</Filter>
    </ClCompile>
    <ClCompile Include="source\runtime\render\task\RpgRenderTask_Copy.cpp">
      <Filter>Source Files</Filter>
    </ClCompile>
    <ClCompile Include="source\runtime\render\task\RpgRenderTask_RenderPassDepth.cpp">
      <Filter>Source Files</Filter>
    </ClCompile>
    <ClCompile Include="source\runtime\render\task\RpgRenderTask_RenderPassForward.cpp">
      <Filter>Source Files</Filter>
    </ClCompile>
    <ClCompile Include="source\runtime\render\task\RpgRenderTask_RenderPassTransparency.cpp">
      <Filter>Source Files</Filter>
    </ClCompile>
    <ClCompile Include="source\runtime\render\RpgRenderResource_Material.cpp">
      <Filter>Source Files</Filter>
    </ClCompile>
    <ClCompile Include="source\runtime\render\RpgRenderResource_World.cpp">
      <Filter>Source Files</Filter>
    </ClCompile>
    <ClCompile Include="source\runtime\render\RpgRenderResource_Mesh.cpp">
      <Filter>Source Files</Filter>
    </ClCompile>
    <ClCompile Include="source\runtime\engine\RpgEngine_TestLevel.cpp">
      <Filter>Source Files</Filter>
    </ClCompile>
    <ClCompile Include="source\runtime\render\task\RpgRenderTask_RenderPass.cpp">
      <Filter>Source Files</Filter>
    </ClCompile>
    <ClCompile Include="source\runtime\render\RpgFont.cpp">
      <Filter>Source Files</Filter>
    </ClCompile>
    <ClCompile Include="source\runtime\navigation\world\RpgNavigationWorldSubsystem.cpp">
      <Filter>Source Files</Filter>
    </ClCompile>
    <ClCompile Include="source\runtime\render\RpgMesh.cpp">
      <Filter>Source Files</Filter>
    </ClCompile>
    <ClCompile Include="source\runtime\render\RpgRenderer2D.cpp">
      <Filter>Source Files</Filter>
    </ClCompile>
    <ClCompile Include="source\editor\__editor__build.cpp">
      <Filter>Source Files</Filter>
    </ClCompile>
    <ClCompile Include="source\runtime\asset\RpgAssetImporter.cpp">
      <Filter>Source Files</Filter>
    </ClCompile>
    <ClCompile Include="source\runtime\asset\RpgAssetManager.cpp">
      <Filter>Source Files</Filter>
    </ClCompile>
    <ClCompile Include="source\runtime\render\task\RpgRenderTask_Compute.cpp">
      <Filter>Source Files</Filter>
    </ClCompile>
    <ClCompile Include="source\runtime\asset\task\RpgAssetTask_ImportTexture.cpp">
      <Filter>Source Files</Filter>
    </ClCompile>
    <ClCompile Include="source\runtime\asset\task\RpgAssetTask_ImportModel.cpp">
      <Filter>Source Files</Filter>
    </ClCompile>
    <ClCompile Include="source\runtime\thirdparty\D3D12MA\__D3D12MA__build.cpp">
      <Filter>Source Files</Filter>
    </ClCompile>
    <ClCompile Include="source\runtime\thirdparty\simdjson\__simdjson__build.cpp">
      <Filter>Source Files</Filter>
    </ClCompile>
    <ClCompile Include="source\runtime\animation\RpgAnimationSkeleton.cpp">
      <Filter>Source Files</Filter>
    </ClCompile>
    <ClCompile Include="source\runtime\animation\RpgAnimationClip.cpp">
      <Filter>Source Files</Filter>
    </ClCompile>
    <ClCompile Include="source\runtime\animation\world\RpgAnimationWorldSubsystem.cpp">
      <Filter>Source Files</Filter>
    </ClCompile>
    <ClCompile Include="source\runtime\physics\world\RpgPhysicsWorldSubsystem.cpp">
      <Filter>Source Files</Filter>
    </ClCompile>
    <ClCompile Include="source\runtime\render\world\RpgRenderWorldSubsystem.cpp">
      <Filter>Source Files</Filter>
    </ClCompile>
    <ClCompile Include="source\runtime\core\RpgTypes.cpp">
      <Filter>Source Files</Filter>
    </ClCompile>
    <ClCompile Include="source\runtime\core\RpgAssetFile.cpp">
      <Filter>Source Files</Filter>
    </ClCompile>
    <ClCompile Include="source\runtime\thirdparty\xxhash\xxhash.c">
      <Filter>Source Files</Filter>
    </ClCompile>
    <ClCompile Include="source\runtime\animation\RpgAnimationPose.cpp">
      <Filter>Source Files</Filter>
    </ClCompile>
    <ClCompile Include="source\runtime\animation\task\RpgAnimationTask_TickPose.cpp">
      <Filter>Source Files</Filter>
    </ClCompile>
    <ClCompile Include="source\runtime\render\RpgRenderResource_MeshSkinned.cpp">
      <Filter>Source Files</Filter>
    </ClCompile>
    <ClCompile Include="source\runtime\engine\script\RpgScript_DebugCamera.cpp">
      <Filter>Source Files</Filter>
    </ClCompile>
    <ClCompile Include="source\runtime\input\RpgInputManager.cpp">
      <Filter>Source Files</Filter>
    </ClCompile>
    <ClCompile Include="source\runtime\render\RpgShadowViewport_Cascade.cpp">
      <Filter>Source Files</Filter>
    </ClCompile>
    <ClCompile Include="source\runtime\render\RpgShadowViewport_SpotLight.cpp">
      <Filter>Source Files</Filter>
    </ClCompile>
    <ClCompile Include="source\runtime\render\task\RpgRenderTask_RenderPassShadow.cpp">
      <Filter>Source Files</Filter>
    </ClCompile>
    <ClCompile Include="source\runtime\render\task\RpgRenderTask_CaptureMesh.cpp">
      <Filter>Source Files</Filter>
    </ClCompile>
    <ClCompile Include="source\runtime\render\task\RpgRenderTask_CaptureLight.cpp">
      <Filter>Source Files</Filter>
    </ClCompile>
    <ClCompile Include="source\runtime\physics\RpgPhysicsTrace.cpp">
      <Filter>Source Files</Filter>
    </ClCompile>
    <ClCompile Include="source\runtime\physics\RpgPhysicsCollision.cpp">
      <Filter>Source Files</Filter>
    </ClCompile>
    <ClCompile Include="source\runtime\physics\task\RpgPhysicsTask_UpdateBound.cpp">
      <Filter>Source Files</Filter>
    </ClCompile>
    <ClCompile Include="source\runtime\physics\task\RpgPhysicsTask_UpdateShape.cpp">
      <Filter>Source Files</Filter>
    </ClCompile>
    <ClCompile Include="source\runtime\engine\script\RpgScript_Gameplay.cpp">
      <Filter>Source Files</Filter>
    </ClCompile>
    <ClCompile Include="source\runtime\gui\RpgGuiTypes.cpp">
      <Filter>Source Files</Filter>
    </ClCompile>
    <ClCompile Include="source\runtime\gui\widget\RpgGuiButton.cpp">
      <Filter>Source Files</Filter>
    </ClCompile>
    <ClCompile Include="source\test\gui\RpgTestGui.cpp">
      <Filter>Source Files</Filter>
    </ClCompile>
    <ClCompile Include="source\runtime\gui\RpgGuiConsole.cpp">
      <Filter>Source Files</Filter>
    </ClCompile>
    <ClCompile Include="source\runtime\gui\widget\RpgGuiInputText.cpp">
      <Filter>Source Files</Filter>
    </ClCompile>
    <ClCompile Include="source\runtime\gui\widget\RpgGuiLayout.cpp">
      <Filter>Source Files</Filter>
    </ClCompile>
    <ClCompile Include="source\runtime\gui\RpgGuiContext.cpp">
      <Filter>Source Files</Filter>
    </ClCompile>
    <ClCompile Include="source\test\core\RpgTestCore_String.cpp">
      <Filter>Source Files</Filter>
    </ClCompile>
    <ClCompile Include="source\test\core\RpgTestCore_DSA_Array.cpp">
      <Filter>Source Files</Filter>
    </ClCompile>
    <ClCompile Include="source\test\core\RpgTestCore_DSA_FreeList.cpp">
      <Filter>Source Files</Filter>
    </ClCompile>
    <ClCompile Include="source\test\core\RpgTestCore_DSA_Algorithm.cpp">
      <Filter>Source Files</Filter>
    </ClCompile>
    <ClCompile Include="source\test\core\RpgTestCore_DSA_Map.cpp">
      <Filter>Source Files</Filter>
    </ClCompile>
    <ClCompile Include="source\test\core\RpgTestCore_FilePath.cpp">
      <Filter>Source Files</Filter>
    </ClCompile>
    <ClCompile Include="source\test\core\RpgTestCore_Pointer.cpp">
      <Filter>Source Files</Filter>
    </ClCompile>
  </ItemGroup>
  <ItemGroup>
    <ClInclude Include="source\runtime\core\dsa\RpgAlgorithm.h">
      <Filter>Header Files</Filter>
    </ClInclude>
    <ClInclude Include="source\runtime\core\RpgCommandLine.h">
      <Filter>Header Files</Filter>
    </ClInclude>
    <ClInclude Include="source\runtime\core\RpgConsoleSystem.h">
      <Filter>Header Files</Filter>
    </ClInclude>
    <ClInclude Include="source\runtime\core\RpgDelegate.h">
      <Filter>Header Files</Filter>
    </ClInclude>
    <ClInclude Include="source\runtime\core\RpgFilePath.h">
      <Filter>Header Files</Filter>
    </ClInclude>
    <ClInclude Include="source\runtime\core\RpgMath.h">
      <Filter>Header Files</Filter>
    </ClInclude>
    <ClInclude Include="source\runtime\core\RpgPlatform.h">
      <Filter>Header Files</Filter>
    </ClInclude>
    <ClInclude Include="source\runtime\core\RpgPointer.h">
      <Filter>Header Files</Filter>
    </ClInclude>
    <ClInclude Include="source\runtime\core\RpgStateMachine.h">
      <Filter>Header Files</Filter>
    </ClInclude>
    <ClInclude Include="source\runtime\core\RpgString.h">
      <Filter>Header Files</Filter>
    </ClInclude>
    <ClInclude Include="source\runtime\core\RpgThreadPool.h">
      <Filter>Header Files</Filter>
    </ClInclude>
    <ClInclude Include="source\runtime\core\RpgTimer.h">
      <Filter>Header Files</Filter>
    </ClInclude>
    <ClInclude Include="source\runtime\core\RpgTypes.h">
      <Filter>Header Files</Filter>
    </ClInclude>
    <ClInclude Include="source\runtime\core\world\RpgComponent.h">
      <Filter>Header Files</Filter>
    </ClInclude>
    <ClInclude Include="source\runtime\core\world\RpgWorld.h">
      <Filter>Header Files</Filter>
    </ClInclude>
    <ClInclude Include="source\runtime\core\RpgVertex.h">
      <Filter>Header Files</Filter>
    </ClInclude>
    <ClInclude Include="source\runtime\render\RpgTexture.h">
      <Filter>Header Files</Filter>
    </ClInclude>
    <ClInclude Include="source\runtime\render\RpgModel.h">
      <Filter>Header Files</Filter>
    </ClInclude>
    <ClInclude Include="source\runtime\render\RpgMaterial.h">
      <Filter>Header Files</Filter>
    </ClInclude>
    <ClInclude Include="source\runtime\render\RpgRenderPipeline.h">
      <Filter>Header Files</Filter>
    </ClInclude>
    <ClInclude Include="source\runtime\render\RpgRenderResource.h">
      <Filter>Header Files</Filter>
    </ClInclude>
    <ClInclude Include="source\runtime\core\RpgD3D12.h">
      <Filter>Header Files</Filter>
    </ClInclude>
    <ClInclude Include="source\runtime\render\task\RpgRenderTask_CompilePSO.h">
      <Filter>Header Files</Filter>
    </ClInclude>
    <ClInclude Include="source\runtime\shader\RpgShaderManager.h">
      <Filter>Header Files</Filter>
    </ClInclude>
    <ClInclude Include="source\runtime\engine\RpgEngine.h">
      <Filter>Header Files</Filter>
    </ClInclude>
    <ClInclude Include="source\runtime\render\RpgRenderer.h">
      <Filter>Header Files</Filter>
    </ClInclude>
    <ClInclude Include="source\runtime\render\RpgSceneViewport.h">
      <Filter>Header Files</Filter>
    </ClInclude>
    <ClInclude Include="source\runtime\render\RpgShadowViewport.h">
      <Filter>Header Files</Filter>
    </ClInclude>
    <ClInclude Include="source\editor\RpgEditorAssetImporter.h">
      <Filter>Header Files</Filter>
    </ClInclude>
    <ClInclude Include="source\runtime\render\task\RpgRenderTask_Copy.h">
      <Filter>Header Files</Filter>
    </ClInclude>
    <ClInclude Include="source\runtime\render\RpgMesh.h">
      <Filter>Header Files</Filter>
    </ClInclude>
    <ClInclude Include="source\runtime\core\world\RpgGameObject.h">
      <Filter>Header Files</Filter>
    </ClInclude>
    <ClInclude Include="source\runtime\render\task\RpgRenderTask_RenderPass.h">
      <Filter>Header Files</Filter>
    </ClInclude>
    <ClInclude Include="source\runtime\render\task\RpgRenderTask_Compute.h">
      <Filter>Header Files</Filter>
    </ClInclude>
    <ClInclude Include="source\runtime\render\RpgFont.h">
      <Filter>Header Files</Filter>
    </ClInclude>
    <ClInclude Include="source\runtime\navigation\world\RpgNavigationWorldSubsystem.h">
      <Filter>Header Files</Filter>
    </ClInclude>
    <ClInclude Include="source\editor\RpgEditor.h">
      <Filter>Header Files</Filter>
    </ClInclude>
    <ClInclude Include="source\editor\RpgEditorTypes.h">
      <Filter>Header Files</Filter>
    </ClInclude>
    <ClInclude Include="source\editor\RpgEditorGizmo.h">
      <Filter>Header Files</Filter>
    </ClInclude>
    <ClInclude Include="source\editor\RpgEditorWorldOutliner.h">
      <Filter>Header Files</Filter>
    </ClInclude>
    <ClInclude Include="source\editor\RpgEditorObjectInspector.h">
      <Filter>Header Files</Filter>
    </ClInclude>
    <ClInclude Include="source\runtime\render\RpgRenderer2D.h">
      <Filter>Header Files</Filter>
    </ClInclude>
    <ClInclude Include="source\runtime\asset\RpgAssetImporter.h">
      <Filter>Header Files</Filter>
    </ClInclude>
    <ClInclude Include="source\runtime\asset\RpgAssetManager.h">
      <Filter>Header Files</Filter>
    </ClInclude>
    <ClInclude Include="source\runtime\core\RpgStream.h">
      <Filter>Header Files</Filter>
    </ClInclude>
    <ClInclude Include="source\runtime\asset\task\RpgAssetTask_ImportTexture.h">
      <Filter>Header Files</Filter>
    </ClInclude>
    <ClInclude Include="source\runtime\asset\task\RpgAssetTask_ImportModel.h">
      <Filter>Header Files</Filter>
    </ClInclude>
    <ClInclude Include="source\runtime\core\dsa\RpgArray.h">
      <Filter>Header Files</Filter>
    </ClInclude>
    <ClInclude Include="source\runtime\core\dsa\RpgFreeList.h">
      <Filter>Header Files</Filter>
    </ClInclude>
    <ClInclude Include="source\runtime\core\dsa\RpgMap.h">
      <Filter>Header Files</Filter>
    </ClInclude>
    <ClInclude Include="source\runtime\render\RpgRenderTypes.h">
      <Filter>Header Files</Filter>
    </ClInclude>
    <ClInclude Include="source\runtime\animation\world\RpgAnimationWorldSubsystem.h">
      <Filter>Header Files</Filter>
    </ClInclude>
    <ClInclude Include="source\runtime\physics\world\RpgPhysicsWorldSubsystem.h">
      <Filter>Header Files</Filter>
    </ClInclude>
    <ClInclude Include="source\runtime\physics\RpgPhysicsTypes.h">
      <Filter>Header Files</Filter>
    </ClInclude>
    <ClInclude Include="source\runtime\animation\RpgAnimationTypes.h">
      <Filter>Header Files</Filter>
    </ClInclude>
    <ClInclude Include="source\runtime\navigation\RpgNavigationTypes.h">
      <Filter>Header Files</Filter>
    </ClInclude>
    <ClInclude Include="source\runtime\render\world\RpgRenderWorldSubsystem.h">
      <Filter>Header Files</Filter>
    </ClInclude>
    <ClInclude Include="source\runtime\render\world\RpgRenderComponent.h">
      <Filter>Header Files</Filter>
    </ClInclude>
    <ClInclude Include="source\runtime\physics\world\RpgPhysicsComponent.h">
      <Filter>Header Files</Filter>
    </ClInclude>
    <ClInclude Include="source\runtime\animation\world\RpgAnimationComponent.h">
      <Filter>Header Files</Filter>
    </ClInclude>
    <ClInclude Include="source\runtime\core\RpgAssetFile.h">
      <Filter>Header Files</Filter>
    </ClInclude>
    <ClInclude Include="source\runtime\animation\task\RpgAnimationTask_TickPose.h">
      <Filter>Header Files</Filter>
    </ClInclude>
    <ClInclude Include="source\runtime\asset\task\RpgAssimpTypes.h">
      <Filter>Header Files</Filter>
    </ClInclude>
    <ClInclude Include="source\runtime\engine\script\RpgScript_DebugCamera.h">
      <Filter>Header Files</Filter>
    </ClInclude>
    <ClInclude Include="source\runtime\input\RpgInputTypes.h">
      <Filter>Header Files</Filter>
    </ClInclude>
    <ClInclude Include="source\runtime\input\RpgInputManager.h">
      <Filter>Header Files</Filter>
    </ClInclude>
    <ClInclude Include="source\game\world\RpgAttributeComponent.h">
      <Filter>Header Files</Filter>
    </ClInclude>
    <ClInclude Include="source\game\world\RpgAttributeWorldSubsystem.h">
      <Filter>Header Files</Filter>
    </ClInclude>
    <ClInclude Include="source\runtime\navigation\world\RpgNavigationComponent.h">
      <Filter>Header Files</Filter>
    </ClInclude>
    <ClInclude Include="source\runtime\render\task\RpgRenderTask_Capture.h">
      <Filter>Header Files</Filter>
    </ClInclude>
    <ClInclude Include="source\runtime\shader\RpgShaderTypes.h">
      <Filter>Header Files</Filter>
    </ClInclude>
    <ClInclude Include="source\runtime\physics\task\RpgPhysicsTask_UpdateBound.h">
      <Filter>Header Files</Filter>
    </ClInclude>
    <ClInclude Include="source\runtime\physics\task\RpgPhysicsTask_UpdateShape.h">
      <Filter>Header Files</Filter>
    </ClInclude>
    <ClInclude Include="source\runtime\engine\script\RpgScript_Gameplay.h">
      <Filter>Header Files</Filter>
    </ClInclude>
    <ClInclude Include="source\runtime\gui\RpgGuiTypes.h">
      <Filter>Header Files</Filter>
    </ClInclude>
    <ClInclude Include="source\runtime\gui\widget\RpgGuiButton.h">
      <Filter>Header Files</Filter>
    </ClInclude>
    <ClInclude Include="source\test\gui\RpgTestGui.h">
      <Filter>Header Files</Filter>
    </ClInclude>
    <ClInclude Include="source\runtime\gui\RpgGuiConsole.h">
      <Filter>Header Files</Filter>
    </ClInclude>
    <ClInclude Include="source\runtime\gui\widget\RpgGuiInputText.h">
      <Filter>Header Files</Filter>
    </ClInclude>
    <ClInclude Include="source\runtime\gui\widget\RpgGuiLayout.h">
      <Filter>Header Files</Filter>
    </ClInclude>
    <ClInclude Include="source\runtime\input\RpgInputWindows.h">
      <Filter>Header Files</Filter>
    </ClInclude>
    <ClInclude Include="source\test\core\RpgTestCore.h">
      <Filter>Header Files</Filter>
    </ClInclude>
  </ItemGroup>
</Project>